
Microsoft Visual Studio Solution File, Format Version 12.00
# Visual Studio Version 17
VisualStudioVersion = 17.14.36127.28
MinimumVisualStudioVersion = 10.0.40219.1
Project("{FAE04EC0-301F-11D3-BF4B-00C04F79EFBC}") = "ProjectTaskAssign", "ProjectTaskAssign\ProjectTaskAssign.csproj", "{5C35D829-90E2-4C4A-A599-E40E9B168D06}"
EndProject
Global
	GlobalSection(SolutionConfigurationPlatforms) = preSolution
		Debug|Any CPU = Debug|Any CPU
		Release|Any CPU = Release|Any CPU
	EndGlobalSection
	GlobalSection(ProjectConfigurationPlatforms) = postSolution
		{5C35D829-90E2-4C4A-A599-E40E9B168D06}.Debug|Any CPU.ActiveCfg = Debug|Any CPU
		{5C35D829-90E2-4C4A-A599-E40E9B168D06}.Debug|Any CPU.Build.0 = Debug|Any CPU
		{5C35D829-90E2-4C4A-A599-E40E9B168D06}.Release|Any CPU.ActiveCfg = Release|Any CPU
		{5C35D829-90E2-4C4A-A599-E40E9B168D06}.Release|Any CPU.Build.0 = Release|Any CPU
	EndGlobalSection
	GlobalSection(SolutionProperties) = preSolution
		HideSolutionNode = FALSE
	EndGlobalSection
	GlobalSection(ExtensibilityGlobals) = postSolution
		SolutionGuid = {7A1DBED5-D98F-4596-9B40-5649E26FF2B9}
	EndGlobalSection
EndGlobal
